
Microsoft Visual Studio Solution File, Format Version 12.00
# Visual Studio Version 16
VisualStudioVersion = 16.0.30804.86
MinimumVisualStudioVersion = 10.0.40219.1
Project("{FAE04EC0-301F-11D3-BF4B-00C04F79EFBC}") = "Degree Planner.Android", "Degree Planner\Degree Planner.Android\Degree Planner.Android.csproj", "{B5DD0772-1DF4-4365-B4C2-17C905306B82}"
EndProject
Project("{FAE04EC0-301F-11D3-BF4B-00C04F79EFBC}") = "Degree Planner", "Degree Planner\Degree Planner\Degree Planner.csproj", "{E0F4C12D-51CA-461D-AC39-51DA688E10E4}"
EndProject
Global
	GlobalSection(SolutionConfigurationPlatforms) = preSolution
		Debug|Any CPU = Debug|Any CPU
		Release|Any CPU = Release|Any CPU
	EndGlobalSection
	GlobalSection(ProjectConfigurationPlatforms) = postSolution
		{B5DD0772-1DF4-4365-B4C2-17C905306B82}.Debug|Any CPU.ActiveCfg = Debug|Any CPU
		{B5DD0772-1DF4-4365-B4C2-17C905306B82}.Debug|Any CPU.Build.0 = Debug|Any CPU
		{B5DD0772-1DF4-4365-B4C2-17C905306B82}.Debug|Any CPU.Deploy.0 = Debug|Any CPU
		{B5DD0772-1DF4-4365-B4C2-17C905306B82}.Release|Any CPU.ActiveCfg = Release|Any CPU
		{B5DD0772-1DF4-4365-B4C2-17C905306B82}.Release|Any CPU.Build.0 = Release|Any CPU
		{B5DD0772-1DF4-4365-B4C2-17C905306B82}.Release|Any CPU.Deploy.0 = Release|Any CPU
		{E0F4C12D-51CA-461D-AC39-51DA688E10E4}.Debug|Any CPU.ActiveCfg = Debug|Any CPU
		{E0F4C12D-51CA-461D-AC39-51DA688E10E4}.Debug|Any CPU.Build.0 = Debug|Any CPU
		{E0F4C12D-51CA-461D-AC39-51DA688E10E4}.Debug|Any CPU.Deploy.0 = Debug|Any CPU
		{E0F4C12D-51CA-461D-AC39-51DA688E10E4}.Release|Any CPU.ActiveCfg = Release|Any CPU
		{E0F4C12D-51CA-461D-AC39-51DA688E10E4}.Release|Any CPU.Build.0 = Release|Any CPU
		{E0F4C12D-51CA-461D-AC39-51DA688E10E4}.Release|Any CPU.Deploy.0 = Release|Any CPU
	EndGlobalSection
	GlobalSection(SolutionProperties) = preSolution
		HideSolutionNode = FALSE
	EndGlobalSection
	GlobalSection(ExtensibilityGlobals) = postSolution
		SolutionGuid = {8B3D794C-332F-42FC-850C-0B5039A359F5}
	EndGlobalSection
EndGlobal
